// !$*UTF8*$!
{
	archiveVersion = 1;
	classes = {
	};
	objectVersion = 55;
	objects = {

/* Begin PBXBuildFile section */
		1B8F99701DDDCE7BE1DAB8C0 /* Pods_DoodleMVVM.framework in Frameworks */ = {isa = PBXBuildFile; fileRef = ED15B86BE6394D1B98A0C2E1 /* Pods_DoodleMVVM.framework */; };
		72671FA428990FA1002EB64A /* DoodleViewModel.swift in Sources */ = {isa = PBXBuildFile; fileRef = 72671FA328990FA1002EB64A /* DoodleViewModel.swift */; };
		72671FA6289910C2002EB64A /* DoodleRepository.swift in Sources */ = {isa = PBXBuildFile; fileRef = 72671FA5289910C2002EB64A /* DoodleRepository.swift */; };
		72671FA82899129D002EB64A /* DoodleDTO.swift in Sources */ = {isa = PBXBuildFile; fileRef = 72671FA72899129D002EB64A /* DoodleDTO.swift */; };
		72706EF4289B9FBA00AF2247 /* ImageManager.swift in Sources */ = {isa = PBXBuildFile; fileRef = 72706EF3289B9FBA00AF2247 /* ImageManager.swift */; };
		72706EF6289BA07800AF2247 /* DoodleRepositoryImpl.swift in Sources */ = {isa = PBXBuildFile; fileRef = 72706EF5289BA07800AF2247 /* DoodleRepositoryImpl.swift */; };
		72775F02289A511D00F36F18 /* ImageCell.swift in Sources */ = {isa = PBXBuildFile; fileRef = 72775F01289A511D00F36F18 /* ImageCell.swift */; };
		72775F09289A64F500F36F18 /* DependencyInjector.swift in Sources */ = {isa = PBXBuildFile; fileRef = 72775F08289A64F500F36F18 /* DependencyInjector.swift */; };
		72775F0C289A73BD00F36F18 /* TestUtil.swift in Sources */ = {isa = PBXBuildFile; fileRef = 72775F0B289A73BD00F36F18 /* TestUtil.swift */; };
		72775F0F289A73E100F36F18 /* MockDoodles.json in Resources */ = {isa = PBXBuildFile; fileRef = 72775F0E289A73E100F36F18 /* MockDoodles.json */; };
		72775F14289A743900F36F18 /* DoodleRepositoryStub.swift in Sources */ = {isa = PBXBuildFile; fileRef = 72775F13289A743900F36F18 /* DoodleRepositoryStub.swift */; };
		72775F16289A775D00F36F18 /* DoodleViewModelTest.swift in Sources */ = {isa = PBXBuildFile; fileRef = 72775F15289A775D00F36F18 /* DoodleViewModelTest.swift */; };
		72775F18289A77B000F36F18 /* DoodleViewModelStub.swift in Sources */ = {isa = PBXBuildFile; fileRef = 72775F17289A77B000F36F18 /* DoodleViewModelStub.swift */; };
		7290261428990DE40072B2A4 /* AppDelegate.swift in Sources */ = {isa = PBXBuildFile; fileRef = 7290261328990DE40072B2A4 /* AppDelegate.swift */; };
		7290261628990DE40072B2A4 /* SceneDelegate.swift in Sources */ = {isa = PBXBuildFile; fileRef = 7290261528990DE40072B2A4 /* SceneDelegate.swift */; };
		7290261828990DE40072B2A4 /* DoodleViewController.swift in Sources */ = {isa = PBXBuildFile; fileRef = 7290261728990DE40072B2A4 /* DoodleViewController.swift */; };
		7290261D28990DE60072B2A4 /* Assets.xcassets in Resources */ = {isa = PBXBuildFile; fileRef = 7290261C28990DE60072B2A4 /* Assets.xcassets */; };
		7290262028990DE60072B2A4 /* LaunchScreen.storyboard in Resources */ = {isa = PBXBuildFile; fileRef = 7290261E28990DE60072B2A4 /* LaunchScreen.storyboard */; };
		7290262B28990DE60072B2A4 /* DoodleRepositoryTest.swift in Sources */ = {isa = PBXBuildFile; fileRef = 7290262A28990DE60072B2A4 /* DoodleRepositoryTest.swift */; };
		7290263528990DE60072B2A4 /* DoodleMVVMUITests.swift in Sources */ = {isa = PBXBuildFile; fileRef = 7290263428990DE60072B2A4 /* DoodleMVVMUITests.swift */; };
		7290263728990DE60072B2A4 /* DoodleMVVMUITestsLaunchTests.swift in Sources */ = {isa = PBXBuildFile; fileRef = 7290263628990DE60072B2A4 /* DoodleMVVMUITestsLaunchTests.swift */; };
		79EAA032B5FFEDFA15DF30D8 /* Pods_DoodleMVVMTests.framework in Frameworks */ = {isa = PBXBuildFile; fileRef = 4B9172953FF25D655F252DCE /* Pods_DoodleMVVMTests.framework */; };
		C88E3521493B4A6A20372FB0 /* Pods_DoodleMVVM_DoodleMVVMUITests.framework in Frameworks */ = {isa = PBXBuildFile; fileRef = AAB55ABF0D200A02635F023A /* Pods_DoodleMVVM_DoodleMVVMUITests.framework */; };
/* End PBXBuildFile section */

/* Begin PBXContainerItemProxy section */
		7290262728990DE60072B2A4 /* PBXContainerItemProxy */ = {
			isa = PBXContainerItemProxy;
			containerPortal = 7290260828990DE40072B2A4 /* Project object */;
			proxyType = 1;
			remoteGlobalIDString = 7290260F28990DE40072B2A4;
			remoteInfo = DoodleMVVM;
		};
		7290263128990DE60072B2A4 /* PBXContainerItemProxy */ = {
			isa = PBXContainerItemProxy;
			containerPortal = 7290260828990DE40072B2A4 /* Project object */;
			proxyType = 1;
			remoteGlobalIDString = 7290260F28990DE40072B2A4;
			remoteInfo = DoodleMVVM;
		};
/* End PBXContainerItemProxy section */

/* Begin PBXFileReference section */
		10AE69C3B9E3FBDF5BA82ACA /* Pods-DoodleMVVM-DoodleMVVMUITests.debug.xcconfig */ = {isa = PBXFileReference; includeInIndex = 1; lastKnownFileType = text.xcconfig; name = "Pods-DoodleMVVM-DoodleMVVMUITests.debug.xcconfig"; path = "Target Support Files/Pods-DoodleMVVM-DoodleMVVMUITests/Pods-DoodleMVVM-DoodleMVVMUITests.debug.xcconfig"; sourceTree = "<group>"; };
		1AB9EE54328D6D42B7CA8EA6 /* Pods-DoodleMVVM.release.xcconfig */ = {isa = PBXFileReference; includeInIndex = 1; lastKnownFileType = text.xcconfig; name = "Pods-DoodleMVVM.release.xcconfig"; path = "Target Support Files/Pods-DoodleMVVM/Pods-DoodleMVVM.release.xcconfig"; sourceTree = "<group>"; };
		4B9172953FF25D655F252DCE /* Pods_DoodleMVVMTests.framework */ = {isa = PBXFileReference; explicitFileType = wrapper.framework; includeInIndex = 0; path = Pods_DoodleMVVMTests.framework; sourceTree = BUILT_PRODUCTS_DIR; };
		5993169B94DE37DA6F0BE46E /* Pods-DoodleMVVMTests.debug.xcconfig */ = {isa = PBXFileReference; includeInIndex = 1; lastKnownFileType = text.xcconfig; name = "Pods-DoodleMVVMTests.debug.xcconfig"; path = "Target Support Files/Pods-DoodleMVVMTests/Pods-DoodleMVVMTests.debug.xcconfig"; sourceTree = "<group>"; };
		72671FA328990FA1002EB64A /* DoodleViewModel.swift */ = {isa = PBXFileReference; lastKnownFileType = sourcecode.swift; path = DoodleViewModel.swift; sourceTree = "<group>"; };
		72671FA5289910C2002EB64A /* DoodleRepository.swift */ = {isa = PBXFileReference; lastKnownFileType = sourcecode.swift; path = DoodleRepository.swift; sourceTree = "<group>"; };
		72671FA72899129D002EB64A /* DoodleDTO.swift */ = {isa = PBXFileReference; lastKnownFileType = sourcecode.swift; path = DoodleDTO.swift; sourceTree = "<group>"; };
		72706EF3289B9FBA00AF2247 /* ImageManager.swift */ = {isa = PBXFileReference; lastKnownFileType = sourcecode.swift; path = ImageManager.swift; sourceTree = "<group>"; };
		72706EF5289BA07800AF2247 /* DoodleRepositoryImpl.swift */ = {isa = PBXFileReference; lastKnownFileType = sourcecode.swift; path = DoodleRepositoryImpl.swift; sourceTree = "<group>"; };
		72775F01289A511D00F36F18 /* ImageCell.swift */ = {isa = PBXFileReference; lastKnownFileType = sourcecode.swift; path = ImageCell.swift; sourceTree = "<group>"; };
		72775F08289A64F500F36F18 /* DependencyInjector.swift */ = {isa = PBXFileReference; lastKnownFileType = sourcecode.swift; path = DependencyInjector.swift; sourceTree = "<group>"; };
		72775F0B289A73BD00F36F18 /* TestUtil.swift */ = {isa = PBXFileReference; lastKnownFileType = sourcecode.swift; path = TestUtil.swift; sourceTree = "<group>"; };
		72775F0E289A73E100F36F18 /* MockDoodles.json */ = {isa = PBXFileReference; lastKnownFileType = text.json; path = MockDoodles.json; sourceTree = "<group>"; };
		72775F13289A743900F36F18 /* DoodleRepositoryStub.swift */ = {isa = PBXFileReference; lastKnownFileType = sourcecode.swift; path = DoodleRepositoryStub.swift; sourceTree = "<group>"; };
		72775F15289A775D00F36F18 /* DoodleViewModelTest.swift */ = {isa = PBXFileReference; lastKnownFileType = sourcecode.swift; path = DoodleViewModelTest.swift; sourceTree = "<group>"; };
		72775F17289A77B000F36F18 /* DoodleViewModelStub.swift */ = {isa = PBXFileReference; lastKnownFileType = sourcecode.swift; path = DoodleViewModelStub.swift; sourceTree = "<group>"; };
		7290261028990DE40072B2A4 /* DoodleMVVM.app */ = {isa = PBXFileReference; explicitFileType = wrapper.application; includeInIndex = 0; path = DoodleMVVM.app; sourceTree = BUILT_PRODUCTS_DIR; };
		7290261328990DE40072B2A4 /* AppDelegate.swift */ = {isa = PBXFileReference; lastKnownFileType = sourcecode.swift; path = AppDelegate.swift; sourceTree = "<group>"; };
		7290261528990DE40072B2A4 /* SceneDelegate.swift */ = {isa = PBXFileReference; lastKnownFileType = sourcecode.swift; path = SceneDelegate.swift; sourceTree = "<group>"; };
		7290261728990DE40072B2A4 /* DoodleViewController.swift */ = {isa = PBXFileReference; lastKnownFileType = sourcecode.swift; path = DoodleViewController.swift; sourceTree = "<group>"; };
		7290261C28990DE60072B2A4 /* Assets.xcassets */ = {isa = PBXFileReference; lastKnownFileType = folder.assetcatalog; path = Assets.xcassets; sourceTree = "<group>"; };
		7290261F28990DE60072B2A4 /* Base */ = {isa = PBXFileReference; lastKnownFileType = file.storyboard; name = Base; path = Base.lproj/LaunchScreen.storyboard; sourceTree = "<group>"; };
		7290262128990DE60072B2A4 /* Info.plist */ = {isa = PBXFileReference; lastKnownFileType = text.plist.xml; path = Info.plist; sourceTree = "<group>"; };
		7290262628990DE60072B2A4 /* DoodleMVVMTests.xctest */ = {isa = PBXFileReference; explicitFileType = wrapper.cfbundle; includeInIndex = 0; path = DoodleMVVMTests.xctest; sourceTree = BUILT_PRODUCTS_DIR; };
		7290262A28990DE60072B2A4 /* DoodleRepositoryTest.swift */ = {isa = PBXFileReference; lastKnownFileType = sourcecode.swift; path = DoodleRepositoryTest.swift; sourceTree = "<group>"; };
		7290263028990DE60072B2A4 /* DoodleMVVMUITests.xctest */ = {isa = PBXFileReference; explicitFileType = wrapper.cfbundle; includeInIndex = 0; path = DoodleMVVMUITests.xctest; sourceTree = BUILT_PRODUCTS_DIR; };
		7290263428990DE60072B2A4 /* DoodleMVVMUITests.swift */ = {isa = PBXFileReference; lastKnownFileType = sourcecode.swift; path = DoodleMVVMUITests.swift; sourceTree = "<group>"; };
		7290263628990DE60072B2A4 /* DoodleMVVMUITestsLaunchTests.swift */ = {isa = PBXFileReference; lastKnownFileType = sourcecode.swift; path = DoodleMVVMUITestsLaunchTests.swift; sourceTree = "<group>"; };
		AAB55ABF0D200A02635F023A /* Pods_DoodleMVVM_DoodleMVVMUITests.framework */ = {isa = PBXFileReference; explicitFileType = wrapper.framework; includeInIndex = 0; path = Pods_DoodleMVVM_DoodleMVVMUITests.framework; sourceTree = BUILT_PRODUCTS_DIR; };
		E185F11055949735E85041DF /* Pods-DoodleMVVM-DoodleMVVMUITests.release.xcconfig */ = {isa = PBXFileReference; includeInIndex = 1; lastKnownFileType = text.xcconfig; name = "Pods-DoodleMVVM-DoodleMVVMUITests.release.xcconfig"; path = "Target Support Files/Pods-DoodleMVVM-DoodleMVVMUITests/Pods-DoodleMVVM-DoodleMVVMUITests.release.xcconfig"; sourceTree = "<group>"; };
		E36B9B515201155574E4C8BE /* Pods-DoodleMVVMTests.release.xcconfig */ = {isa = PBXFileReference; includeInIndex = 1; lastKnownFileType = text.xcconfig; name = "Pods-DoodleMVVMTests.release.xcconfig"; path = "Target Support Files/Pods-DoodleMVVMTests/Pods-DoodleMVVMTests.release.xcconfig"; sourceTree = "<group>"; };
		ED15B86BE6394D1B98A0C2E1 /* Pods_DoodleMVVM.framework */ = {isa = PBXFileReference; explicitFileType = wrapper.framework; includeInIndex = 0; path = Pods_DoodleMVVM.framework; sourceTree = BUILT_PRODUCTS_DIR; };
		F239C45CAEBEF3277FCC77E9 /* Pods-DoodleMVVM.debug.xcconfig */ = {isa = PBXFileReference; includeInIndex = 1; lastKnownFileType = text.xcconfig; name = "Pods-DoodleMVVM.debug.xcconfig"; path = "Target Support Files/Pods-DoodleMVVM/Pods-DoodleMVVM.debug.xcconfig"; sourceTree = "<group>"; };
/* End PBXFileReference section */

/* Begin PBXFrameworksBuildPhase section */
		7290260D28990DE40072B2A4 /* Frameworks */ = {
			isa = PBXFrameworksBuildPhase;
			buildActionMask = 2147483647;
			files = (
				1B8F99701DDDCE7BE1DAB8C0 /* Pods_DoodleMVVM.framework in Frameworks */,
			);
			runOnlyForDeploymentPostprocessing = 0;
		};
		7290262328990DE60072B2A4 /* Frameworks */ = {
			isa = PBXFrameworksBuildPhase;
			buildActionMask = 2147483647;
			files = (
				79EAA032B5FFEDFA15DF30D8 /* Pods_DoodleMVVMTests.framework in Frameworks */,
			);
			runOnlyForDeploymentPostprocessing = 0;
		};
		7290262D28990DE60072B2A4 /* Frameworks */ = {
			isa = PBXFrameworksBuildPhase;
			buildActionMask = 2147483647;
			files = (
				C88E3521493B4A6A20372FB0 /* Pods_DoodleMVVM_DoodleMVVMUITests.framework in Frameworks */,
			);
			runOnlyForDeploymentPostprocessing = 0;
		};
/* End PBXFrameworksBuildPhase section */

/* Begin PBXGroup section */
		72775F03289A63F700F36F18 /* view */ = {
			isa = PBXGroup;
			children = (
				72775F01289A511D00F36F18 /* ImageCell.swift */,
				7290261728990DE40072B2A4 /* DoodleViewController.swift */,
			);
			path = view;
			sourceTree = "<group>";
		};
		72775F04289A641400F36F18 /* viewmodel */ = {
			isa = PBXGroup;
			children = (
				72671FA328990FA1002EB64A /* DoodleViewModel.swift */,
			);
			path = viewmodel;
			sourceTree = "<group>";
		};
		72775F05289A642300F36F18 /* entity */ = {
			isa = PBXGroup;
			children = (
				72671FA72899129D002EB64A /* DoodleDTO.swift */,
			);
			path = entity;
			sourceTree = "<group>";
		};
		72775F06289A645000F36F18 /* repository */ = {
			isa = PBXGroup;
			children = (
				72671FA5289910C2002EB64A /* DoodleRepository.swift */,
				72706EF3289B9FBA00AF2247 /* ImageManager.swift */,
				72706EF5289BA07800AF2247 /* DoodleRepositoryImpl.swift */,
			);
			path = repository;
			sourceTree = "<group>";
		};
		72775F07289A64DC00F36F18 /* dependency */ = {
			isa = PBXGroup;
			children = (
				72775F08289A64F500F36F18 /* DependencyInjector.swift */,
			);
			path = dependency;
			sourceTree = "<group>";
		};
		72775F0A289A739500F36F18 /* util */ = {
			isa = PBXGroup;
			children = (
				72775F0B289A73BD00F36F18 /* TestUtil.swift */,
				72775F0D289A73CA00F36F18 /* mock_json */,
			);
			path = util;
			sourceTree = "<group>";
		};
		72775F0D289A73CA00F36F18 /* mock_json */ = {
			isa = PBXGroup;
			children = (
				72775F0E289A73E100F36F18 /* MockDoodles.json */,
			);
			path = mock_json;
			sourceTree = "<group>";
		};
		72775F10289A741A00F36F18 /* mock */ = {
			isa = PBXGroup;
			children = (
				72775F13289A743900F36F18 /* DoodleRepositoryStub.swift */,
				72775F17289A77B000F36F18 /* DoodleViewModelStub.swift */,
			);
			path = mock;
			sourceTree = "<group>";
		};
		7290260728990DE40072B2A4 = {
			isa = PBXGroup;
			children = (
				7290261228990DE40072B2A4 /* DoodleMVVM */,
				7290262928990DE60072B2A4 /* DoodleMVVMTests */,
				7290263328990DE60072B2A4 /* DoodleMVVMUITests */,
				7290261128990DE40072B2A4 /* Products */,
				F2B0F49C7E1EB9CEA76DDD6E /* Pods */,
				F670FE0AC88B9B8A5DD6E54B /* Frameworks */,
			);
			sourceTree = "<group>";
		};
		7290261128990DE40072B2A4 /* Products */ = {
			isa = PBXGroup;
			children = (
				7290261028990DE40072B2A4 /* DoodleMVVM.app */,
				7290262628990DE60072B2A4 /* DoodleMVVMTests.xctest */,
				7290263028990DE60072B2A4 /* DoodleMVVMUITests.xctest */,
			);
			name = Products;
			sourceTree = "<group>";
		};
		7290261228990DE40072B2A4 /* DoodleMVVM */ = {
			isa = PBXGroup;
			children = (
				72775F07289A64DC00F36F18 /* dependency */,
				72775F06289A645000F36F18 /* repository */,
				72775F05289A642300F36F18 /* entity */,
				72775F04289A641400F36F18 /* viewmodel */,
				72775F03289A63F700F36F18 /* view */,
				7290261328990DE40072B2A4 /* AppDelegate.swift */,
				7290261528990DE40072B2A4 /* SceneDelegate.swift */,
				7290261C28990DE60072B2A4 /* Assets.xcassets */,
				7290261E28990DE60072B2A4 /* LaunchScreen.storyboard */,
				7290262128990DE60072B2A4 /* Info.plist */,
			);
			path = DoodleMVVM;
			sourceTree = "<group>";
		};
		7290262928990DE60072B2A4 /* DoodleMVVMTests */ = {
			isa = PBXGroup;
			children = (
				72775F10289A741A00F36F18 /* mock */,
				72775F0A289A739500F36F18 /* util */,
				7290262A28990DE60072B2A4 /* DoodleRepositoryTest.swift */,
				72775F15289A775D00F36F18 /* DoodleViewModelTest.swift */,
			);
			path = DoodleMVVMTests;
			sourceTree = "<group>";
		};
		7290263328990DE60072B2A4 /* DoodleMVVMUITests */ = {
			isa = PBXGroup;
			children = (
				7290263428990DE60072B2A4 /* DoodleMVVMUITests.swift */,
				7290263628990DE60072B2A4 /* DoodleMVVMUITestsLaunchTests.swift */,
			);
			path = DoodleMVVMUITests;
			sourceTree = "<group>";
		};
		F2B0F49C7E1EB9CEA76DDD6E /* Pods */ = {
			isa = PBXGroup;
			children = (
				F239C45CAEBEF3277FCC77E9 /* Pods-DoodleMVVM.debug.xcconfig */,
				1AB9EE54328D6D42B7CA8EA6 /* Pods-DoodleMVVM.release.xcconfig */,
				10AE69C3B9E3FBDF5BA82ACA /* Pods-DoodleMVVM-DoodleMVVMUITests.debug.xcconfig */,
				E185F11055949735E85041DF /* Pods-DoodleMVVM-DoodleMVVMUITests.release.xcconfig */,
				5993169B94DE37DA6F0BE46E /* Pods-DoodleMVVMTests.debug.xcconfig */,
				E36B9B515201155574E4C8BE /* Pods-DoodleMVVMTests.release.xcconfig */,
			);
			path = Pods;
			sourceTree = "<group>";
		};
		F670FE0AC88B9B8A5DD6E54B /* Frameworks */ = {
			isa = PBXGroup;
			children = (
				ED15B86BE6394D1B98A0C2E1 /* Pods_DoodleMVVM.framework */,
				AAB55ABF0D200A02635F023A /* Pods_DoodleMVVM_DoodleMVVMUITests.framework */,
				4B9172953FF25D655F252DCE /* Pods_DoodleMVVMTests.framework */,
			);
			name = Frameworks;
			sourceTree = "<group>";
		};
/* End PBXGroup section */

/* Begin PBXNativeTarget section */
		7290260F28990DE40072B2A4 /* DoodleMVVM */ = {
			isa = PBXNativeTarget;
			buildConfigurationList = 7290263A28990DE60072B2A4 /* Build configuration list for PBXNativeTarget "DoodleMVVM" */;
			buildPhases = (
				2FE6FC856937A16A2AD03714 /* [CP] Check Pods Manifest.lock */,
				7290260C28990DE40072B2A4 /* Sources */,
				7290260D28990DE40072B2A4 /* Frameworks */,
				7290260E28990DE40072B2A4 /* Resources */,
				F6ACF766C00CF2CA4DDF8C1D /* [CP] Embed Pods Frameworks */,
			);
			buildRules = (
			);
			dependencies = (
			);
			name = DoodleMVVM;
			productName = DoodleMVVM;
			productReference = 7290261028990DE40072B2A4 /* DoodleMVVM.app */;
			productType = "com.apple.product-type.application";
		};
		7290262528990DE60072B2A4 /* DoodleMVVMTests */ = {
			isa = PBXNativeTarget;
			buildConfigurationList = 7290263D28990DE60072B2A4 /* Build configuration list for PBXNativeTarget "DoodleMVVMTests" */;
			buildPhases = (
				C2A76814C70980DC480D7127 /* [CP] Check Pods Manifest.lock */,
				7290262228990DE60072B2A4 /* Sources */,
				7290262328990DE60072B2A4 /* Frameworks */,
				7290262428990DE60072B2A4 /* Resources */,
				B91B4C21D5012DD10FB891ED /* [CP] Embed Pods Frameworks */,
			);
			buildRules = (
			);
			dependencies = (
				7290262828990DE60072B2A4 /* PBXTargetDependency */,
			);
			name = DoodleMVVMTests;
			productName = DoodleMVVMTests;
			productReference = 7290262628990DE60072B2A4 /* DoodleMVVMTests.xctest */;
			productType = "com.apple.product-type.bundle.unit-test";
		};
		7290262F28990DE60072B2A4 /* DoodleMVVMUITests */ = {
			isa = PBXNativeTarget;
			buildConfigurationList = 7290264028990DE60072B2A4 /* Build configuration list for PBXNativeTarget "DoodleMVVMUITests" */;
			buildPhases = (
				E15A8BD7F477D8F03F6B49B8 /* [CP] Check Pods Manifest.lock */,
				7290262C28990DE60072B2A4 /* Sources */,
				7290262D28990DE60072B2A4 /* Frameworks */,
				7290262E28990DE60072B2A4 /* Resources */,
				301EDB05AC0D3332964110DC /* [CP] Embed Pods Frameworks */,
			);
			buildRules = (
			);
			dependencies = (
				7290263228990DE60072B2A4 /* PBXTargetDependency */,
			);
			name = DoodleMVVMUITests;
			productName = DoodleMVVMUITests;
			productReference = 7290263028990DE60072B2A4 /* DoodleMVVMUITests.xctest */;
			productType = "com.apple.product-type.bundle.ui-testing";
		};
/* End PBXNativeTarget section */

/* Begin PBXProject section */
		7290260828990DE40072B2A4 /* Project object */ = {
			isa = PBXProject;
			attributes = {
				BuildIndependentTargetsInParallel = 1;
				LastSwiftUpdateCheck = 1340;
				LastUpgradeCheck = 1340;
				TargetAttributes = {
					7290260F28990DE40072B2A4 = {
						CreatedOnToolsVersion = 13.4.1;
					};
					7290262528990DE60072B2A4 = {
						CreatedOnToolsVersion = 13.4.1;
						TestTargetID = 7290260F28990DE40072B2A4;
					};
					7290262F28990DE60072B2A4 = {
						CreatedOnToolsVersion = 13.4.1;
						TestTargetID = 7290260F28990DE40072B2A4;
					};
				};
			};
			buildConfigurationList = 7290260B28990DE40072B2A4 /* Build configuration list for PBXProject "DoodleMVVM" */;
			compatibilityVersion = "Xcode 13.0";
			developmentRegion = en;
			hasScannedForEncodings = 0;
			knownRegions = (
				en,
				Base,
			);
			mainGroup = 7290260728990DE40072B2A4;
			productRefGroup = 7290261128990DE40072B2A4 /* Products */;
			projectDirPath = "";
			projectRoot = "";
			targets = (
				7290260F28990DE40072B2A4 /* DoodleMVVM */,
				7290262528990DE60072B2A4 /* DoodleMVVMTests */,
				7290262F28990DE60072B2A4 /* DoodleMVVMUITests */,
			);
		};
/* End PBXProject section */

/* Begin PBXResourcesBuildPhase section */
		7290260E28990DE40072B2A4 /* Resources */ = {
			isa = PBXResourcesBuildPhase;
			buildActionMask = 2147483647;
			files = (
				7290262028990DE60072B2A4 /* LaunchScreen.storyboard in Resources */,
				7290261D28990DE60072B2A4 /* Assets.xcassets in Resources */,
			);
			runOnlyForDeploymentPostprocessing = 0;
		};
		7290262428990DE60072B2A4 /* Resources */ = {
			isa = PBXResourcesBuildPhase;
			buildActionMask = 2147483647;
			files = (
				72775F0F289A73E100F36F18 /* MockDoodles.json in Resources */,
			);
			runOnlyForDeploymentPostprocessing = 0;
		};
		7290262E28990DE60072B2A4 /* Resources */ = {
			isa = PBXResourcesBuildPhase;
			buildActionMask = 2147483647;
			files = (
			);
			runOnlyForDeploymentPostprocessing = 0;
		};
/* End PBXResourcesBuildPhase section */

/* Begin PBXShellScriptBuildPhase section */
		2FE6FC856937A16A2AD03714 /* [CP] Check Pods Manifest.lock */ = {
			isa = PBXShellScriptBuildPhase;
			buildActionMask = 2147483647;
			files = (
			);
			inputFileListPaths = (
			);
			inputPaths = (
				"${PODS_PODFILE_DIR_PATH}/Podfile.lock",
				"${PODS_ROOT}/Manifest.lock",
			);
			name = "[CP] Check Pods Manifest.lock";
			outputFileListPaths = (
			);
			outputPaths = (
				"$(DERIVED_FILE_DIR)/Pods-DoodleMVVM-checkManifestLockResult.txt",
			);
			runOnlyForDeploymentPostprocessing = 0;
			shellPath = /bin/sh;
			shellScript = "diff \"${PODS_PODFILE_DIR_PATH}/Podfile.lock\" \"${PODS_ROOT}/Manifest.lock\" > /dev/null\nif [ $? != 0 ] ; then\n    # print error to STDERR\n    echo \"error: The sandbox is not in sync with the Podfile.lock. Run 'pod install' or update your CocoaPods installation.\" >&2\n    exit 1\nfi\n# This output is used by Xcode 'outputs' to avoid re-running this script phase.\necho \"SUCCESS\" > \"${SCRIPT_OUTPUT_FILE_0}\"\n";
			showEnvVarsInLog = 0;
		};
		301EDB05AC0D3332964110DC /* [CP] Embed Pods Frameworks */ = {
			isa = PBXShellScriptBuildPhase;
			buildActionMask = 2147483647;
			files = (
			);
			inputFileListPaths = (
				"${PODS_ROOT}/Target Support Files/Pods-DoodleMVVM-DoodleMVVMUITests/Pods-DoodleMVVM-DoodleMVVMUITests-frameworks-${CONFIGURATION}-input-files.xcfilelist",
			);
			name = "[CP] Embed Pods Frameworks";
			outputFileListPaths = (
				"${PODS_ROOT}/Target Support Files/Pods-DoodleMVVM-DoodleMVVMUITests/Pods-DoodleMVVM-DoodleMVVMUITests-frameworks-${CONFIGURATION}-output-files.xcfilelist",
			);
			runOnlyForDeploymentPostprocessing = 0;
			shellPath = /bin/sh;
			shellScript = "\"${PODS_ROOT}/Target Support Files/Pods-DoodleMVVM-DoodleMVVMUITests/Pods-DoodleMVVM-DoodleMVVMUITests-frameworks.sh\"\n";
			showEnvVarsInLog = 0;
		};
		B91B4C21D5012DD10FB891ED /* [CP] Embed Pods Frameworks */ = {
			isa = PBXShellScriptBuildPhase;
			buildActionMask = 2147483647;
			files = (
			);
			inputFileListPaths = (
				"${PODS_ROOT}/Target Support Files/Pods-DoodleMVVMTests/Pods-DoodleMVVMTests-frameworks-${CONFIGURATION}-input-files.xcfilelist",
			);
			name = "[CP] Embed Pods Frameworks";
			outputFileListPaths = (
				"${PODS_ROOT}/Target Support Files/Pods-DoodleMVVMTests/Pods-DoodleMVVMTests-frameworks-${CONFIGURATION}-output-files.xcfilelist",
			);
			runOnlyForDeploymentPostprocessing = 0;
			shellPath = /bin/sh;
			shellScript = "\"${PODS_ROOT}/Target Support Files/Pods-DoodleMVVMTests/Pods-DoodleMVVMTests-frameworks.sh\"\n";
			showEnvVarsInLog = 0;
		};
		C2A76814C70980DC480D7127 /* [CP] Check Pods Manifest.lock */ = {
			isa = PBXShellScriptBuildPhase;
			buildActionMask = 2147483647;
			files = (
			);
			inputFileListPaths = (
			);
			inputPaths = (
				"${PODS_PODFILE_DIR_PATH}/Podfile.lock",
				"${PODS_ROOT}/Manifest.lock",
			);
			name = "[CP] Check Pods Manifest.lock";
			outputFileListPaths = (
			);
			outputPaths = (
				"$(DERIVED_FILE_DIR)/Pods-DoodleMVVMTests-checkManifestLockResult.txt",
			);
			runOnlyForDeploymentPostprocessing = 0;
			shellPath = /bin/sh;
			shellScript = "diff \"${PODS_PODFILE_DIR_PATH}/Podfile.lock\" \"${PODS_ROOT}/Manifest.lock\" > /dev/null\nif [ $? != 0 ] ; then\n    # print error to STDERR\n    echo \"error: The sandbox is not in sync with the Podfile.lock. Run 'pod install' or update your CocoaPods installation.\" >&2\n    exit 1\nfi\n# This output is used by Xcode 'outputs' to avoid re-running this script phase.\necho \"SUCCESS\" > \"${SCRIPT_OUTPUT_FILE_0}\"\n";
			showEnvVarsInLog = 0;
		};
		E15A8BD7F477D8F03F6B49B8 /* [CP] Check Pods Manifest.lock */ = {
			isa = PBXShellScriptBuildPhase;
			buildActionMask = 2147483647;
			files = (
			);
			inputFileListPaths = (
			);
			inputPaths = (
				"${PODS_PODFILE_DIR_PATH}/Podfile.lock",
				"${PODS_ROOT}/Manifest.lock",
			);
			name = "[CP] Check Pods Manifest.lock";
			outputFileListPaths = (
			);
			outputPaths = (
				"$(DERIVED_FILE_DIR)/Pods-DoodleMVVM-DoodleMVVMUITests-checkManifestLockResult.txt",
			);
			runOnlyForDeploymentPostprocessing = 0;
			shellPath = /bin/sh;
			shellScript = "diff \"${PODS_PODFILE_DIR_PATH}/Podfile.lock\" \"${PODS_ROOT}/Manifest.lock\" > /dev/null\nif [ $? != 0 ] ; then\n    # print error to STDERR\n    echo \"error: The sandbox is not in sync with the Podfile.lock. Run 'pod install' or update your CocoaPods installation.\" >&2\n    exit 1\nfi\n# This output is used by Xcode 'outputs' to avoid re-running this script phase.\necho \"SUCCESS\" > \"${SCRIPT_OUTPUT_FILE_0}\"\n";
			showEnvVarsInLog = 0;
		};
		F6ACF766C00CF2CA4DDF8C1D /* [CP] Embed Pods Frameworks */ = {
			isa = PBXShellScriptBuildPhase;
			buildActionMask = 2147483647;
			files = (
			);
			inputFileListPaths = (
				"${PODS_ROOT}/Target Support Files/Pods-DoodleMVVM/Pods-DoodleMVVM-frameworks-${CONFIGURATION}-input-files.xcfilelist",
			);
			name = "[CP] Embed Pods Frameworks";
			outputFileListPaths = (
				"${PODS_ROOT}/Target Support Files/Pods-DoodleMVVM/Pods-DoodleMVVM-frameworks-${CONFIGURATION}-output-files.xcfilelist",
			);
			runOnlyForDeploymentPostprocessing = 0;
			shellPath = /bin/sh;
			shellScript = "\"${PODS_ROOT}/Target Support Files/Pods-DoodleMVVM/Pods-DoodleMVVM-frameworks.sh\"\n";
			showEnvVarsInLog = 0;
		};
/* End PBXShellScriptBuildPhase section */

/* Begin PBXSourcesBuildPhase section */
		7290260C28990DE40072B2A4 /* Sources */ = {
			isa = PBXSourcesBuildPhase;
			buildActionMask = 2147483647;
			files = (
				72775F09289A64F500F36F18 /* DependencyInjector.swift in Sources */,
				7290261828990DE40072B2A4 /* DoodleViewController.swift in Sources */,
				72706EF6289BA07800AF2247 /* DoodleRepositoryImpl.swift in Sources */,
				7290261428990DE40072B2A4 /* AppDelegate.swift in Sources */,
				72706EF4289B9FBA00AF2247 /* ImageManager.swift in Sources */,
				72671FA82899129D002EB64A /* DoodleDTO.swift in Sources */,
				72671FA6289910C2002EB64A /* DoodleRepository.swift in Sources */,
				72775F02289A511D00F36F18 /* ImageCell.swift in Sources */,
				7290261628990DE40072B2A4 /* SceneDelegate.swift in Sources */,
				72671FA428990FA1002EB64A /* DoodleViewModel.swift in Sources */,
			);
			runOnlyForDeploymentPostprocessing = 0;
		};
		7290262228990DE60072B2A4 /* Sources */ = {
			isa = PBXSourcesBuildPhase;
			buildActionMask = 2147483647;
			files = (
				72775F14289A743900F36F18 /* DoodleRepositoryStub.swift in Sources */,
				7290262B28990DE60072B2A4 /* DoodleRepositoryTest.swift in Sources */,
				72775F18289A77B000F36F18 /* DoodleViewModelStub.swift in Sources */,
				72775F0C289A73BD00F36F18 /* TestUtil.swift in Sources */,
				72775F16289A775D00F36F18 /* DoodleViewModelTest.swift in Sources */,
			);
			runOnlyForDeploymentPostprocessing = 0;
		};
		7290262C28990DE60072B2A4 /* Sources */ = {
			isa = PBXSourcesBuildPhase;
			buildActionMask = 2147483647;
			files = (
				7290263528990DE60072B2A4 /* DoodleMVVMUITests.swift in Sources */,
				7290263728990DE60072B2A4 /* DoodleMVVMUITestsLaunchTests.swift in Sources */,
			);
			runOnlyForDeploymentPostprocessing = 0;
		};
/* End PBXSourcesBuildPhase section */

/* Begin PBXTargetDependency section */
		7290262828990DE60072B2A4 /* PBXTargetDependency */ = {
			isa = PBXTargetDependency;
			target = 7290260F28990DE40072B2A4 /* DoodleMVVM */;
			targetProxy = 7290262728990DE60072B2A4 /* PBXContainerItemProxy */;
		};
		7290263228990DE60072B2A4 /* PBXTargetDependency */ = {
			isa = PBXTargetDependency;
			target = 7290260F28990DE40072B2A4 /* DoodleMVVM */;
			targetProxy = 7290263128990DE60072B2A4 /* PBXContainerItemProxy */;
		};
/* End PBXTargetDependency section */

/* Begin PBXVariantGroup section */
		7290261E28990DE60072B2A4 /* LaunchScreen.storyboard */ = {
			isa = PBXVariantGroup;
			children = (
				7290261F28990DE60072B2A4 /* Base */,
			);
			name = LaunchScreen.storyboard;
			sourceTree = "<group>";
		};
/* End PBXVariantGroup section */

/* Begin XCBuildConfiguration section */
		7290263828990DE60072B2A4 /* Debug */ = {
			isa = XCBuildConfiguration;
			buildSettings = {
				ALWAYS_SEARCH_USER_PATHS = NO;
				CLANG_ANALYZER_NONNULL = YES;
				CLANG_ANALYZER_NUMBER_OBJECT_CONVERSION = YES_AGGRESSIVE;
				CLANG_CXX_LANGUAGE_STANDARD = "gnu++17";
				CLANG_ENABLE_MODULES = YES;
				CLANG_ENABLE_OBJC_ARC = YES;
				CLANG_ENABLE_OBJC_WEAK = YES;
				CLANG_WARN_BLOCK_CAPTURE_AUTORELEASING = YES;
				CLANG_WARN_BOOL_CONVERSION = YES;
				CLANG_WARN_COMMA = YES;
				CLANG_WARN_CONSTANT_CONVERSION = YES;
				CLANG_WARN_DEPRECATED_OBJC_IMPLEMENTATIONS = YES;
				CLANG_WARN_DIRECT_OBJC_ISA_USAGE = YES_ERROR;
				CLANG_WARN_DOCUMENTATION_COMMENTS = YES;
				CLANG_WARN_EMPTY_BODY = YES;
				CLANG_WARN_ENUM_CONVERSION = YES;
				CLANG_WARN_INFINITE_RECURSION = YES;
				CLANG_WARN_INT_CONVERSION = YES;
				CLANG_WARN_NON_LITERAL_NULL_CONVERSION = YES;
				CLANG_WARN_OBJC_IMPLICIT_RETAIN_SELF = YES;
				CLANG_WARN_OBJC_LITERAL_CONVERSION = YES;
				CLANG_WARN_OBJC_ROOT_CLASS = YES_ERROR;
				CLANG_WARN_QUOTED_INCLUDE_IN_FRAMEWORK_HEADER = YES;
				CLANG_WARN_RANGE_LOOP_ANALYSIS = YES;
				CLANG_WARN_STRICT_PROTOTYPES = YES;
				CLANG_WARN_SUSPICIOUS_MOVE = YES;
				CLANG_WARN_UNGUARDED_AVAILABILITY = YES_AGGRESSIVE;
				CLANG_WARN_UNREACHABLE_CODE = YES;
				CLANG_WARN__DUPLICATE_METHOD_MATCH = YES;
				COPY_PHASE_STRIP = NO;
				DEBUG_INFORMATION_FORMAT = dwarf;
				ENABLE_STRICT_OBJC_MSGSEND = YES;
				ENABLE_TESTABILITY = YES;
				GCC_C_LANGUAGE_STANDARD = gnu11;
				GCC_DYNAMIC_NO_PIC = NO;
				GCC_NO_COMMON_BLOCKS = YES;
				GCC_OPTIMIZATION_LEVEL = 0;
				GCC_PREPROCESSOR_DEFINITIONS = (
					"DEBUG=1",
					"$(inherited)",
				);
				GCC_WARN_64_TO_32_BIT_CONVERSION = YES;
				GCC_WARN_ABOUT_RETURN_TYPE = YES_ERROR;
				GCC_WARN_UNDECLARED_SELECTOR = YES;
				GCC_WARN_UNINITIALIZED_AUTOS = YES_AGGRESSIVE;
				GCC_WARN_UNUSED_FUNCTION = YES;
				GCC_WARN_UNUSED_VARIABLE = YES;
				IPHONEOS_DEPLOYMENT_TARGET = 14.0;
				MTL_ENABLE_DEBUG_INFO = INCLUDE_SOURCE;
				MTL_FAST_MATH = YES;
				ONLY_ACTIVE_ARCH = YES;
				SDKROOT = iphoneos;
				SWIFT_ACTIVE_COMPILATION_CONDITIONS = DEBUG;
				SWIFT_OPTIMIZATION_LEVEL = "-Onone";
			};
			name = Debug;
		};
		7290263928990DE60072B2A4 /* Release */ = {
			isa = XCBuildConfiguration;
			buildSettings = {
				ALWAYS_SEARCH_USER_PATHS = NO;
				CLANG_ANALYZER_NONNULL = YES;
				CLANG_ANALYZER_NUMBER_OBJECT_CONVERSION = YES_AGGRESSIVE;
				CLANG_CXX_LANGUAGE_STANDARD = "gnu++17";
				CLANG_ENABLE_MODULES = YES;
				CLANG_ENABLE_OBJC_ARC = YES;
				CLANG_ENABLE_OBJC_WEAK = YES;
				CLANG_WARN_BLOCK_CAPTURE_AUTORELEASING = YES;
				CLANG_WARN_BOOL_CONVERSION = YES;
				CLANG_WARN_COMMA = YES;
				CLANG_WARN_CONSTANT_CONVERSION = YES;
				CLANG_WARN_DEPRECATED_OBJC_IMPLEMENTATIONS = YES;
				CLANG_WARN_DIRECT_OBJC_ISA_USAGE = YES_ERROR;
				CLANG_WARN_DOCUMENTATION_COMMENTS = YES;
				CLANG_WARN_EMPTY_BODY = YES;
				CLANG_WARN_ENUM_CONVERSION = YES;
				CLANG_WARN_INFINITE_RECURSION = YES;
				CLANG_WARN_INT_CONVERSION = YES;
				CLANG_WARN_NON_LITERAL_NULL_CONVERSION = YES;
				CLANG_WARN_OBJC_IMPLICIT_RETAIN_SELF = YES;
				CLANG_WARN_OBJC_LITERAL_CONVERSION = YES;
				CLANG_WARN_OBJC_ROOT_CLASS = YES_ERROR;
				CLANG_WARN_QUOTED_INCLUDE_IN_FRAMEWORK_HEADER = YES;
				CLANG_WARN_RANGE_LOOP_ANALYSIS = YES;
				CLANG_WARN_STRICT_PROTOTYPES = YES;
				CLANG_WARN_SUSPICIOUS_MOVE = YES;
				CLANG_WARN_UNGUARDED_AVAILABILITY = YES_AGGRESSIVE;
				CLANG_WARN_UNREACHABLE_CODE = YES;
				CLANG_WARN__DUPLICATE_METHOD_MATCH = YES;
				COPY_PHASE_STRIP = NO;
				DEBUG_INFORMATION_FORMAT = "dwarf-with-dsym";
				ENABLE_NS_ASSERTIONS = NO;
				ENABLE_STRICT_OBJC_MSGSEND = YES;
				GCC_C_LANGUAGE_STANDARD = gnu11;
				GCC_NO_COMMON_BLOCKS = YES;
				GCC_WARN_64_TO_32_BIT_CONVERSION = YES;
				GCC_WARN_ABOUT_RETURN_TYPE = YES_ERROR;
				GCC_WARN_UNDECLARED_SELECTOR = YES;
				GCC_WARN_UNINITIALIZED_AUTOS = YES_AGGRESSIVE;
				GCC_WARN_UNUSED_FUNCTION = YES;
				GCC_WARN_UNUSED_VARIABLE = YES;
				IPHONEOS_DEPLOYMENT_TARGET = 14.0;
				MTL_ENABLE_DEBUG_INFO = NO;
				MTL_FAST_MATH = YES;
				SDKROOT = iphoneos;
				SWIFT_COMPILATION_MODE = wholemodule;
				SWIFT_OPTIMIZATION_LEVEL = "-O";
				VALIDATE_PRODUCT = YES;
			};
			name = Release;
		};
		7290263B28990DE60072B2A4 /* Debug */ = {
			isa = XCBuildConfiguration;
			baseConfigurationReference = F239C45CAEBEF3277FCC77E9 /* Pods-DoodleMVVM.debug.xcconfig */;
			buildSettings = {
				ASSETCATALOG_COMPILER_APPICON_NAME = AppIcon;
				ASSETCATALOG_COMPILER_GLOBAL_ACCENT_COLOR_NAME = AccentColor;
				CODE_SIGN_STYLE = Automatic;
				CURRENT_PROJECT_VERSION = 1;
				DEVELOPMENT_TEAM = B3PWYBKFUK;
				GENERATE_INFOPLIST_FILE = YES;
				INFOPLIST_FILE = DoodleMVVM/Info.plist;
				INFOPLIST_KEY_UIApplicationSupportsIndirectInputEvents = YES;
				INFOPLIST_KEY_UILaunchStoryboardName = LaunchScreen;
				INFOPLIST_KEY_UISupportedInterfaceOrientations_iPad = "UIInterfaceOrientationPortrait UIInterfaceOrientationPortraitUpsideDown UIInterfaceOrientationLandscapeLeft UIInterfaceOrientationLandscapeRight";
				INFOPLIST_KEY_UISupportedInterfaceOrientations_iPhone = "UIInterfaceOrientationPortrait UIInterfaceOrientationLandscapeLeft UIInterfaceOrientationLandscapeRight";
				LD_RUNPATH_SEARCH_PATHS = (
					"$(inherited)",
					"@executable_path/Frameworks",
				);
				MARKETING_VERSION = 1.0;
				PRODUCT_BUNDLE_IDENTIFIER = practice.DoodleMVVM;
				PRODUCT_NAME = "$(TARGET_NAME)";
				SWIFT_EMIT_LOC_STRINGS = YES;
				SWIFT_VERSION = 5.0;
				TARGETED_DEVICE_FAMILY = "1,2";
			};
			name = Debug;
		};
		7290263C28990DE60072B2A4 /* Release */ = {
			isa = XCBuildConfiguration;
			baseConfigurationReference = 1AB9EE54328D6D42B7CA8EA6 /* Pods-DoodleMVVM.release.xcconfig */;
			buildSettings = {
				ASSETCATALOG_COMPILER_APPICON_NAME = AppIcon;
				ASSETCATALOG_COMPILER_GLOBAL_ACCENT_COLOR_NAME = AccentColor;
				CODE_SIGN_STYLE = Automatic;
				CURRENT_PROJECT_VERSION = 1;
				DEVELOPMENT_TEAM = B3PWYBKFUK;
				GENERATE_INFOPLIST_FILE = YES;
				INFOPLIST_FILE = DoodleMVVM/Info.plist;
				INFOPLIST_KEY_UIApplicationSupportsIndirectInputEvents = YES;
				INFOPLIST_KEY_UILaunchStoryboardName = LaunchScreen;
				INFOPLIST_KEY_UISupportedInterfaceOrientations_iPad = "UIInterfaceOrientationPortrait UIInterfaceOrientationPortraitUpsideDown UIInterfaceOrientationLandscapeLeft UIInterfaceOrientationLandscapeRight";
				INFOPLIST_KEY_UISupportedInterfaceOrientations_iPhone = "UIInterfaceOrientationPortrait UIInterfaceOrientationLandscapeLeft UIInterfaceOrientationLandscapeRight";
				LD_RUNPATH_SEARCH_PATHS = (
					"$(inherited)",
					"@executable_path/Frameworks",
				);
				MARKETING_VERSION = 1.0;
				PRODUCT_BUNDLE_IDENTIFIER = practice.DoodleMVVM;
				PRODUCT_NAME = "$(TARGET_NAME)";
				SWIFT_EMIT_LOC_STRINGS = YES;
				SWIFT_VERSION = 5.0;
				TARGETED_DEVICE_FAMILY = "1,2";
			};
			name = Release;
		};
		7290263E28990DE60072B2A4 /* Debug */ = {
			isa = XCBuildConfiguration;
			baseConfigurationReference = 5993169B94DE37DA6F0BE46E /* Pods-DoodleMVVMTests.debug.xcconfig */;
			buildSettings = {
				ALWAYS_EMBED_SWIFT_STANDARD_LIBRARIES = YES;
				BUNDLE_LOADER = "$(TEST_HOST)";
				CODE_SIGN_STYLE = Automatic;
				CURRENT_PROJECT_VERSION = 1;
				DEVELOPMENT_TEAM = B3PWYBKFUK;
				GENERATE_INFOPLIST_FILE = YES;
				IPHONEOS_DEPLOYMENT_TARGET = 15.5;
				MARKETING_VERSION = 1.0;
				PRODUCT_BUNDLE_IDENTIFIER = practice.DoodleMVVMTests;
				PRODUCT_NAME = "$(TARGET_NAME)";
				SWIFT_EMIT_LOC_STRINGS = NO;
				SWIFT_VERSION = 5.0;
				TARGETED_DEVICE_FAMILY = "1,2";
				TEST_HOST = "$(BUILT_PRODUCTS_DIR)/DoodleMVVM.app/DoodleMVVM";
			};
			name = Debug;
		};
		7290263F28990DE60072B2A4 /* Release */ = {
			isa = XCBuildConfiguration;
			baseConfigurationReference = E36B9B515201155574E4C8BE /* Pods-DoodleMVVMTests.release.xcconfig */;
			buildSettings = {
				ALWAYS_EMBED_SWIFT_STANDARD_LIBRARIES = YES;
				BUNDLE_LOADER = "$(TEST_HOST)";
				CODE_SIGN_STYLE = Automatic;
				CURRENT_PROJECT_VERSION = 1;
				DEVELOPMENT_TEAM = B3PWYBKFUK;
				GENERATE_INFOPLIST_FILE = YES;
				IPHONEOS_DEPLOYMENT_TARGET = 15.5;
				MARKETING_VERSION = 1.0;
				PRODUCT_BUNDLE_IDENTIFIER = practice.DoodleMVVMTests;
				PRODUCT_NAME = "$(TARGET_NAME)";
				SWIFT_EMIT_LOC_STRINGS = NO;
				SWIFT_VERSION = 5.0;
				TARGETED_DEVICE_FAMILY = "1,2";
				TEST_HOST = "$(BUILT_PRODUCTS_DIR)/DoodleMVVM.app/DoodleMVVM";
			};
			name = Release;
		};
		7290264128990DE60072B2A4 /* Debug */ = {
			isa = XCBuildConfiguration;
			baseConfigurationReference = 10AE69C3B9E3FBDF5BA82ACA /* Pods-DoodleMVVM-DoodleMVVMUITests.debug.xcconfig */;
			buildSettings = {
				ALWAYS_EMBED_SWIFT_STANDARD_LIBRARIES = YES;
				CODE_SIGN_STYLE = Automatic;
				CURRENT_PROJECT_VERSION = 1;
				DEVELOPMENT_TEAM = B3PWYBKFUK;
				GENERATE_INFOPLIST_FILE = YES;
				MARKETING_VERSION = 1.0;
				PRODUCT_BUNDLE_IDENTIFIER = practice.DoodleMVVMUITests;
				PRODUCT_NAME = "$(TARGET_NAME)";
				SWIFT_EMIT_LOC_STRINGS = NO;
				SWIFT_VERSION = 5.0;
				TARGETED_DEVICE_FAMILY = "1,2";
				TEST_TARGET_NAME = DoodleMVVM;
			};
			name = Debug;
		};
		7290264228990DE60072B2A4 /* Release */ = {
			isa = XCBuildConfiguration;
			baseConfigurationReference = E185F11055949735E85041DF /* Pods-DoodleMVVM-DoodleMVVMUITests.release.xcconfig */;
			buildSettings = {
				ALWAYS_EMBED_SWIFT_STANDARD_LIBRARIES = YES;
				CODE_SIGN_STYLE = Automatic;
				CURRENT_PROJECT_VERSION = 1;
				DEVELOPMENT_TEAM = B3PWYBKFUK;
				GENERATE_INFOPLIST_FILE = YES;
				MARKETING_VERSION = 1.0;
				PRODUCT_BUNDLE_IDENTIFIER = practice.DoodleMVVMUITests;
				PRODUCT_NAME = "$(TARGET_NAME)";
				SWIFT_EMIT_LOC_STRINGS = NO;
				SWIFT_VERSION = 5.0;
				TARGETED_DEVICE_FAMILY = "1,2";
				TEST_TARGET_NAME = DoodleMVVM;
			};
			name = Release;
		};
/* End XCBuildConfiguration section */

/* Begin XCConfigurationList section */
		7290260B28990DE40072B2A4 /* Build configuration list for PBXProject "DoodleMVVM" */ = {
			isa = XCConfigurationList;
			buildConfigurations = (
				7290263828990DE60072B2A4 /* Debug */,
				7290263928990DE60072B2A4 /* Release */,
			);
			defaultConfigurationIsVisible = 0;
			defaultConfigurationName = Release;
		};
		7290263A28990DE60072B2A4 /* Build configuration list for PBXNativeTarget "DoodleMVVM" */ = {
			isa = XCConfigurationList;
			buildConfigurations = (
				7290263B28990DE60072B2A4 /* Debug */,
				7290263C28990DE60072B2A4 /* Release */,
			);
			defaultConfigurationIsVisible = 0;
			defaultConfigurationName = Release;
		};
		7290263D28990DE60072B2A4 /* Build configuration list for PBXNativeTarget "DoodleMVVMTests" */ = {
			isa = XCConfigurationList;
			buildConfigurations = (
				7290263E28990DE60072B2A4 /* Debug */,
				7290263F28990DE60072B2A4 /* Release */,
			);
			defaultConfigurationIsVisible = 0;
			defaultConfigurationName = Release;
		};
		7290264028990DE60072B2A4 /* Build configuration list for PBXNativeTarget "DoodleMVVMUITests" */ = {
			isa = XCConfigurationList;
			buildConfigurations = (
				7290264128990DE60072B2A4 /* Debug */,
				7290264228990DE60072B2A4 /* Release */,
			);
			defaultConfigurationIsVisible = 0;
			defaultConfigurationName = Release;
		};
/* End XCConfigurationList section */
	};
	rootObject = 7290260828990DE40072B2A4 /* Project object */;
}
